
Microsoft Visual Studio Solution File, Format Version 12.00
# Visual Studio Version 17
VisualStudioVersion = 17.13.35818.85 d17.13
MinimumVisualStudioVersion = 10.0.40219.1
Project("{FAE04EC0-301F-11D3-BF4B-00C04F79EFBC}") = "OneDriveFileManagement", "OneDriveFileManagement.csproj", "{E5752949-551B-440A-B081-7B6D2FE5E717}"
EndProject
Global
	GlobalSection(SolutionConfigurationPlatforms) = preSolution
		Debug|Any CPU = Debug|Any CPU
		Release|Any CPU = Release|Any CPU
	EndGlobalSection
	GlobalSection(ProjectConfigurationPlatforms) = postSolution
		{E5752949-551B-440A-B081-7B6D2FE5E717}.Debug|Any CPU.ActiveCfg = Debug|Any CPU
		{E5752949-551B-440A-B081-7B6D2FE5E717}.Debug|Any CPU.Build.0 = Debug|Any CPU
		{E5752949-551B-440A-B081-7B6D2FE5E717}.Release|Any CPU.ActiveCfg = Release|Any CPU
		{E5752949-551B-440A-B081-7B6D2FE5E717}.Release|Any CPU.Build.0 = Release|Any CPU
	EndGlobalSection
	GlobalSection(SolutionProperties) = preSolution
		HideSolutionNode = FALSE
	EndGlobalSection
	GlobalSection(ExtensibilityGlobals) = postSolution
		SolutionGuid = {B1152A70-7261-423E-9F3F-BBDC23647792}
	EndGlobalSection
EndGlobal
